
Microsoft Visual Studio Solution File, Format Version 12.00
# Visual Studio Version 17
VisualStudioVersion = 17.11.35327.3
MinimumVisualStudioVersion = 10.0.40219.1
Project("{9A19103F-16F7-4668-BE54-9A1E7A4F7556}") = "ProductosApi", "ProductosApi.csproj", "{D7A30939-EF4A-42A1-B04F-1287FCC5B1C3}"
EndProject
Project("{9A19103F-16F7-4668-BE54-9A1E7A4F7556}") = "ProductosMvc", "..\ProductosMvc\ProductosMvc.csproj", "{94934649-1169-4C9C-96DC-F9F1BC11D19B}"
EndProject
Project("{9A19103F-16F7-4668-BE54-9A1E7A4F7556}") = "ProductosApi.Tests", "ProductosApi.Tests\ProductosApi.Tests.csproj", "{DEE7B8CE-A8D5-448B-B315-FC841118D338}"
EndProject
Project("{2150E333-8FDC-42A3-9474-1A3956D46DE8}") = "Elementos de la solución", "Elementos de la solución", "{C21E9EAD-E590-4828-9D35-DA2C94F7D5E4}"
	ProjectSection(SolutionItems) = preProject
		README.MD = README.MD
	EndProjectSection
EndProject
Global
	GlobalSection(SolutionConfigurationPlatforms) = preSolution
		Debug|Any CPU = Debug|Any CPU
		Release|Any CPU = Release|Any CPU
	EndGlobalSection
	GlobalSection(ProjectConfigurationPlatforms) = postSolution
		{D7A30939-EF4A-42A1-B04F-1287FCC5B1C3}.Debug|Any CPU.ActiveCfg = Debug|Any CPU
		{D7A30939-EF4A-42A1-B04F-1287FCC5B1C3}.Debug|Any CPU.Build.0 = Debug|Any CPU
		{D7A30939-EF4A-42A1-B04F-1287FCC5B1C3}.Release|Any CPU.ActiveCfg = Release|Any CPU
		{D7A30939-EF4A-42A1-B04F-1287FCC5B1C3}.Release|Any CPU.Build.0 = Release|Any CPU
		{94934649-1169-4C9C-96DC-F9F1BC11D19B}.Debug|Any CPU.ActiveCfg = Debug|Any CPU
		{94934649-1169-4C9C-96DC-F9F1BC11D19B}.Debug|Any CPU.Build.0 = Debug|Any CPU
		{94934649-1169-4C9C-96DC-F9F1BC11D19B}.Release|Any CPU.ActiveCfg = Release|Any CPU
		{94934649-1169-4C9C-96DC-F9F1BC11D19B}.Release|Any CPU.Build.0 = Release|Any CPU
		{DEE7B8CE-A8D5-448B-B315-FC841118D338}.Debug|Any CPU.ActiveCfg = Debug|Any CPU
		{DEE7B8CE-A8D5-448B-B315-FC841118D338}.Debug|Any CPU.Build.0 = Debug|Any CPU
		{DEE7B8CE-A8D5-448B-B315-FC841118D338}.Release|Any CPU.ActiveCfg = Release|Any CPU
		{DEE7B8CE-A8D5-448B-B315-FC841118D338}.Release|Any CPU.Build.0 = Release|Any CPU
	EndGlobalSection
	GlobalSection(SolutionProperties) = preSolution
		HideSolutionNode = FALSE
	EndGlobalSection
	GlobalSection(ExtensibilityGlobals) = postSolution
		SolutionGuid = {A9BE5687-4AFD-474B-8D40-056F5C3C5F56}
	EndGlobalSection
EndGlobal
